
Microsoft Visual Studio Solution File, Format Version 12.00
# Visual Studio Version 18
VisualStudioVersion = 18.1.11304.174 d18.0
MinimumVisualStudioVersion = 10.0.40219.1
Project("{2150E333-8FDC-42A3-9474-1A3956D46DE8}") = "Services", "Services", "{559C0AD3-97AE-429A-9B2D-BE16257AF8CD}"
EndProject
Project("{2150E333-8FDC-42A3-9474-1A3956D46DE8}") = "Catalog", "Catalog", "{31E5F5DB-D465-435D-B94A-DAA693A3D761}"
EndProject
Project("{9A19103F-16F7-4668-BE54-9A1E7A4F7556}") = "CatalogAPI", "Services\Catalog\CatalogAPI\CatalogAPI.csproj", "{041D1FCA-CFA0-4EB4-B8FF-063186FB2C9E}"
EndProject
Project("{2150E333-8FDC-42A3-9474-1A3956D46DE8}") = "BuildingBlocks", "BuildingBlocks", "{283A8231-1666-4768-B372-8B18510A1A33}"
EndProject
Project("{9A19103F-16F7-4668-BE54-9A1E7A4F7556}") = "BuildingBlocks", "BuildingBlocks\BuildingBlocks\BuildingBlocks.csproj", "{9A125A68-AA94-4231-A538-C4F63133E7E2}"
EndProject
Project("{E53339B2-1760-4266-BCC7-CA923CBCF16C}") = "docker-compose", "docker-compose.dcproj", "{0081D22D-70C8-40BD-AF8A-1FDB8617CB54}"
EndProject
Project("{2150E333-8FDC-42A3-9474-1A3956D46DE8}") = "Basket", "Basket", "{6577BBD3-054F-41DE-B2E1-CC330C41556B}"
EndProject
Project("{9A19103F-16F7-4668-BE54-9A1E7A4F7556}") = "BasketAPI", "Services\Basket\BasketAPI\BasketAPI.csproj", "{8FABCAD1-EDDD-4470-B66D-9725A8F12B27}"
EndProject
Project("{2150E333-8FDC-42A3-9474-1A3956D46DE8}") = "Discount", "Discount", "{50974EA1-19D7-4557-AC37-8E8728239427}"
EndProject
Project("{9A19103F-16F7-4668-BE54-9A1E7A4F7556}") = "Discount.Grpc", "Services\Discount\Discount.Grpc\Discount.Grpc.csproj", "{ECF994EE-F866-4254-A036-EE65F4B768AF}"
EndProject
Project("{2150E333-8FDC-42A3-9474-1A3956D46DE8}") = "Ordering", "Ordering", "{7F224378-7E3C-4E21-AF08-A49B7F454D02}"
EndProject
Project("{9A19103F-16F7-4668-BE54-9A1E7A4F7556}") = "Ordering.API", "Services\Ordering\Ordering.API\Ordering.API.csproj", "{9EE9D6A9-264B-4F1B-8C20-B5945CF536C3}"
EndProject
Project("{9A19103F-16F7-4668-BE54-9A1E7A4F7556}") = "Ordering.Domain", "Services\Ordering\Ordering.Domain\Ordering.Domain.csproj", "{ABB50318-6185-4514-A7CA-0DBAC327CB4E}"
EndProject
Project("{9A19103F-16F7-4668-BE54-9A1E7A4F7556}") = "Ordering.Application", "Services\Ordering\Ordering.Application\Ordering.Application.csproj", "{DE9A9ECF-E460-4343-9052-FE380C82A647}"
EndProject
Project("{9A19103F-16F7-4668-BE54-9A1E7A4F7556}") = "Ordering.Infrastructure", "Services\Ordering\Ordering.Infrastructure\Ordering.Infrastructure.csproj", "{246BCF47-8DD9-4905-83DD-5A3A1159DE44}"
EndProject
Project("{9A19103F-16F7-4668-BE54-9A1E7A4F7556}") = "BuildingBlocks.Messaging", "BuildingBlocks\BuildingBlocks.Messaging\BuildingBlocks.Messaging.csproj", "{DD88DF5C-0A83-41E8-9FD6-39F89226E816}"
EndProject
Project("{2150E333-8FDC-42A3-9474-1A3956D46DE8}") = "ApiGateways", "ApiGateways", "{24F26139-DB31-4927-9FA0-5B6C0CC6389E}"
EndProject
Project("{9A19103F-16F7-4668-BE54-9A1E7A4F7556}") = "YarpApiGateways", "ApiGateways\YarpApiGateways\YarpApiGateways.csproj", "{CE4FF582-B368-4B61-8B86-8BAD5804017D}"
EndProject
Project("{2150E333-8FDC-42A3-9474-1A3956D46DE8}") = "WebApp", "WebApp", "{F5DB2FCC-635E-47C3-975D-EF28A3A56DBD}"
EndProject
Project("{FAE04EC0-301F-11D3-BF4B-00C04F79EFBC}") = "Shopping.Web", "WebApp\Shopping.Web\Shopping.Web.csproj", "{BCFC81F8-E8DF-4FB3-8FC0-89808A85AA41}"
EndProject
Project("{FAE04EC0-301F-11D3-BF4B-00C04F79EFBC}") = "BuildingBlocks.Observability", "BuildingBlocks\BuildingBlocks.Observability\BuildingBlocks.Observability.csproj", "{5752158A-2860-424A-87B8-016F8CC676F8}"
EndProject
Global
	GlobalSection(SolutionConfigurationPlatforms) = preSolution
		Debug|Any CPU = Debug|Any CPU
		Release|Any CPU = Release|Any CPU
	EndGlobalSection
	GlobalSection(ProjectConfigurationPlatforms) = postSolution
		{041D1FCA-CFA0-4EB4-B8FF-063186FB2C9E}.Debug|Any CPU.ActiveCfg = Debug|Any CPU
		{041D1FCA-CFA0-4EB4-B8FF-063186FB2C9E}.Debug|Any CPU.Build.0 = Debug|Any CPU
		{041D1FCA-CFA0-4EB4-B8FF-063186FB2C9E}.Release|Any CPU.ActiveCfg = Release|Any CPU
		{041D1FCA-CFA0-4EB4-B8FF-063186FB2C9E}.Release|Any CPU.Build.0 = Release|Any CPU
		{9A125A68-AA94-4231-A538-C4F63133E7E2}.Debug|Any CPU.ActiveCfg = Debug|Any CPU
		{9A125A68-AA94-4231-A538-C4F63133E7E2}.Debug|Any CPU.Build.0 = Debug|Any CPU
		{9A125A68-AA94-4231-A538-C4F63133E7E2}.Release|Any CPU.ActiveCfg = Release|Any CPU
		{9A125A68-AA94-4231-A538-C4F63133E7E2}.Release|Any CPU.Build.0 = Release|Any CPU
		{0081D22D-70C8-40BD-AF8A-1FDB8617CB54}.Debug|Any CPU.ActiveCfg = Debug|Any CPU
		{0081D22D-70C8-40BD-AF8A-1FDB8617CB54}.Debug|Any CPU.Build.0 = Debug|Any CPU
		{0081D22D-70C8-40BD-AF8A-1FDB8617CB54}.Release|Any CPU.ActiveCfg = Release|Any CPU
		{0081D22D-70C8-40BD-AF8A-1FDB8617CB54}.Release|Any CPU.Build.0 = Release|Any CPU
		{8FABCAD1-EDDD-4470-B66D-9725A8F12B27}.Debug|Any CPU.ActiveCfg = Debug|Any CPU
		{8FABCAD1-EDDD-4470-B66D-9725A8F12B27}.Debug|Any CPU.Build.0 = Debug|Any CPU
		{8FABCAD1-EDDD-4470-B66D-9725A8F12B27}.Release|Any CPU.ActiveCfg = Release|Any CPU
		{8FABCAD1-EDDD-4470-B66D-9725A8F12B27}.Release|Any CPU.Build.0 = Release|Any CPU
		{ECF994EE-F866-4254-A036-EE65F4B768AF}.Debug|Any CPU.ActiveCfg = Debug|Any CPU
		{ECF994EE-F866-4254-A036-EE65F4B768AF}.Debug|Any CPU.Build.0 = Debug|Any CPU
		{ECF994EE-F866-4254-A036-EE65F4B768AF}.Release|Any CPU.ActiveCfg = Release|Any CPU
		{ECF994EE-F866-4254-A036-EE65F4B768AF}.Release|Any CPU.Build.0 = Release|Any CPU
		{9EE9D6A9-264B-4F1B-8C20-B5945CF536C3}.Debug|Any CPU.ActiveCfg = Debug|Any CPU
		{9EE9D6A9-264B-4F1B-8C20-B5945CF536C3}.Debug|Any CPU.Build.0 = Debug|Any CPU
		{9EE9D6A9-264B-4F1B-8C20-B5945CF536C3}.Release|Any CPU.ActiveCfg = Release|Any CPU
		{9EE9D6A9-264B-4F1B-8C20-B5945CF536C3}.Release|Any CPU.Build.0 = Release|Any CPU
		{ABB50318-6185-4514-A7CA-0DBAC327CB4E}.Debug|Any CPU.ActiveCfg = Debug|Any CPU
		{ABB50318-6185-4514-A7CA-0DBAC327CB4E}.Debug|Any CPU.Build.0 = Debug|Any CPU
		{ABB50318-6185-4514-A7CA-0DBAC327CB4E}.Release|Any CPU.ActiveCfg = Release|Any CPU
		{ABB50318-6185-4514-A7CA-0DBAC327CB4E}.Release|Any CPU.Build.0 = Release|Any CPU
		{DE9A9ECF-E460-4343-9052-FE380C82A647}.Debug|Any CPU.ActiveCfg = Debug|Any CPU
		{DE9A9ECF-E460-4343-9052-FE380C82A647}.Debug|Any CPU.Build.0 = Debug|Any CPU
		{DE9A9ECF-E460-4343-9052-FE380C82A647}.Release|Any CPU.ActiveCfg = Release|Any CPU
		{DE9A9ECF-E460-4343-9052-FE380C82A647}.Release|Any CPU.Build.0 = Release|Any CPU
		{246BCF47-8DD9-4905-83DD-5A3A1159DE44}.Debug|Any CPU.ActiveCfg = Debug|Any CPU
		{246BCF47-8DD9-4905-83DD-5A3A1159DE44}.Debug|Any CPU.Build.0 = Debug|Any CPU
		{246BCF47-8DD9-4905-83DD-5A3A1159DE44}.Release|Any CPU.ActiveCfg = Release|Any CPU
		{246BCF47-8DD9-4905-83DD-5A3A1159DE44}.Release|Any CPU.Build.0 = Release|Any CPU
		{DD88DF5C-0A83-41E8-9FD6-39F89226E816}.Debug|Any CPU.ActiveCfg = Debug|Any CPU
		{DD88DF5C-0A83-41E8-9FD6-39F89226E816}.Debug|Any CPU.Build.0 = Debug|Any CPU
		{DD88DF5C-0A83-41E8-9FD6-39F89226E816}.Release|Any CPU.ActiveCfg = Release|Any CPU
		{DD88DF5C-0A83-41E8-9FD6-39F89226E816}.Release|Any CPU.Build.0 = Release|Any CPU
		{CE4FF582-B368-4B61-8B86-8BAD5804017D}.Debug|Any CPU.ActiveCfg = Debug|Any CPU
		{CE4FF582-B368-4B61-8B86-8BAD5804017D}.Debug|Any CPU.Build.0 = Debug|Any CPU
		{CE4FF582-B368-4B61-8B86-8BAD5804017D}.Release|Any CPU.ActiveCfg = Release|Any CPU
		{CE4FF582-B368-4B61-8B86-8BAD5804017D}.Release|Any CPU.Build.0 = Release|Any CPU
		{BCFC81F8-E8DF-4FB3-8FC0-89808A85AA41}.Debug|Any CPU.ActiveCfg = Debug|Any CPU
		{BCFC81F8-E8DF-4FB3-8FC0-89808A85AA41}.Debug|Any CPU.Build.0 = Debug|Any CPU
		{BCFC81F8-E8DF-4FB3-8FC0-89808A85AA41}.Release|Any CPU.ActiveCfg = Release|Any CPU
		{BCFC81F8-E8DF-4FB3-8FC0-89808A85AA41}.Release|Any CPU.Build.0 = Release|Any CPU
		{5752158A-2860-424A-87B8-016F8CC676F8}.Debug|Any CPU.ActiveCfg = Debug|Any CPU
		{5752158A-2860-424A-87B8-016F8CC676F8}.Debug|Any CPU.Build.0 = Debug|Any CPU
		{5752158A-2860-424A-87B8-016F8CC676F8}.Release|Any CPU.ActiveCfg = Release|Any CPU
		{5752158A-2860-424A-87B8-016F8CC676F8}.Release|Any CPU.Build.0 = Release|Any CPU
	EndGlobalSection
	GlobalSection(SolutionProperties) = preSolution
		HideSolutionNode = FALSE
	EndGlobalSection
	GlobalSection(NestedProjects) = preSolution
		{31E5F5DB-D465-435D-B94A-DAA693A3D761} = {559C0AD3-97AE-429A-9B2D-BE16257AF8CD}
		{041D1FCA-CFA0-4EB4-B8FF-063186FB2C9E} = {31E5F5DB-D465-435D-B94A-DAA693A3D761}
		{9A125A68-AA94-4231-A538-C4F63133E7E2} = {283A8231-1666-4768-B372-8B18510A1A33}
		{6577BBD3-054F-41DE-B2E1-CC330C41556B} = {559C0AD3-97AE-429A-9B2D-BE16257AF8CD}
		{8FABCAD1-EDDD-4470-B66D-9725A8F12B27} = {6577BBD3-054F-41DE-B2E1-CC330C41556B}
		{50974EA1-19D7-4557-AC37-8E8728239427} = {559C0AD3-97AE-429A-9B2D-BE16257AF8CD}
		{ECF994EE-F866-4254-A036-EE65F4B768AF} = {50974EA1-19D7-4557-AC37-8E8728239427}
		{7F224378-7E3C-4E21-AF08-A49B7F454D02} = {559C0AD3-97AE-429A-9B2D-BE16257AF8CD}
		{9EE9D6A9-264B-4F1B-8C20-B5945CF536C3} = {7F224378-7E3C-4E21-AF08-A49B7F454D02}
		{ABB50318-6185-4514-A7CA-0DBAC327CB4E} = {7F224378-7E3C-4E21-AF08-A49B7F454D02}
		{DE9A9ECF-E460-4343-9052-FE380C82A647} = {7F224378-7E3C-4E21-AF08-A49B7F454D02}
		{246BCF47-8DD9-4905-83DD-5A3A1159DE44} = {7F224378-7E3C-4E21-AF08-A49B7F454D02}
		{DD88DF5C-0A83-41E8-9FD6-39F89226E816} = {283A8231-1666-4768-B372-8B18510A1A33}
		{CE4FF582-B368-4B61-8B86-8BAD5804017D} = {24F26139-DB31-4927-9FA0-5B6C0CC6389E}
		{BCFC81F8-E8DF-4FB3-8FC0-89808A85AA41} = {F5DB2FCC-635E-47C3-975D-EF28A3A56DBD}
		{5752158A-2860-424A-87B8-016F8CC676F8} = {283A8231-1666-4768-B372-8B18510A1A33}
	EndGlobalSection
	GlobalSection(ExtensibilityGlobals) = postSolution
		SolutionGuid = {50D1E3E7-1A90-4777-B3AF-6E086ABCDCF3}
	EndGlobalSection
EndGlobal
