
Microsoft Visual Studio Solution File, Format Version 12.00
# Visual Studio Version 17
VisualStudioVersion = 17.11.34909.67
MinimumVisualStudioVersion = 10.0.40219.1
Project("{2150E333-8FDC-42A3-9474-1A3956D46DE8}") = "Services", "Services", "{559C0AD3-97AE-429A-9B2D-BE16257AF8CD}"
EndProject
Project("{2150E333-8FDC-42A3-9474-1A3956D46DE8}") = "Catalog", "Catalog", "{31E5F5DB-D465-435D-B94A-DAA693A3D761}"
EndProject
Project("{9A19103F-16F7-4668-BE54-9A1E7A4F7556}") = "CatalogAPI", "Services\Catalog\CatalogAPI\CatalogAPI.csproj", "{041D1FCA-CFA0-4EB4-B8FF-063186FB2C9E}"
EndProject
Project("{2150E333-8FDC-42A3-9474-1A3956D46DE8}") = "BuildingBlocks", "BuildingBlocks", "{283A8231-1666-4768-B372-8B18510A1A33}"
EndProject
Project("{9A19103F-16F7-4668-BE54-9A1E7A4F7556}") = "BuildingBlocks", "BuildingBlocks\BuildingBlocks\BuildingBlocks.csproj", "{9A125A68-AA94-4231-A538-C4F63133E7E2}"
EndProject
Project("{E53339B2-1760-4266-BCC7-CA923CBCF16C}") = "docker-compose", "docker-compose.dcproj", "{0081D22D-70C8-40BD-AF8A-1FDB8617CB54}"
EndProject
Global
	GlobalSection(SolutionConfigurationPlatforms) = preSolution
		Debug|Any CPU = Debug|Any CPU
		Release|Any CPU = Release|Any CPU
	EndGlobalSection
	GlobalSection(ProjectConfigurationPlatforms) = postSolution
		{041D1FCA-CFA0-4EB4-B8FF-063186FB2C9E}.Debug|Any CPU.ActiveCfg = Debug|Any CPU
		{041D1FCA-CFA0-4EB4-B8FF-063186FB2C9E}.Debug|Any CPU.Build.0 = Debug|Any CPU
		{041D1FCA-CFA0-4EB4-B8FF-063186FB2C9E}.Release|Any CPU.ActiveCfg = Release|Any CPU
		{041D1FCA-CFA0-4EB4-B8FF-063186FB2C9E}.Release|Any CPU.Build.0 = Release|Any CPU
		{9A125A68-AA94-4231-A538-C4F63133E7E2}.Debug|Any CPU.ActiveCfg = Debug|Any CPU
		{9A125A68-AA94-4231-A538-C4F63133E7E2}.Debug|Any CPU.Build.0 = Debug|Any CPU
		{9A125A68-AA94-4231-A538-C4F63133E7E2}.Release|Any CPU.ActiveCfg = Release|Any CPU
		{9A125A68-AA94-4231-A538-C4F63133E7E2}.Release|Any CPU.Build.0 = Release|Any CPU
		{0081D22D-70C8-40BD-AF8A-1FDB8617CB54}.Debug|Any CPU.ActiveCfg = Debug|Any CPU
		{0081D22D-70C8-40BD-AF8A-1FDB8617CB54}.Debug|Any CPU.Build.0 = Debug|Any CPU
		{0081D22D-70C8-40BD-AF8A-1FDB8617CB54}.Release|Any CPU.ActiveCfg = Release|Any CPU
		{0081D22D-70C8-40BD-AF8A-1FDB8617CB54}.Release|Any CPU.Build.0 = Release|Any CPU
	EndGlobalSection
	GlobalSection(SolutionProperties) = preSolution
		HideSolutionNode = FALSE
	EndGlobalSection
	GlobalSection(NestedProjects) = preSolution
		{31E5F5DB-D465-435D-B94A-DAA693A3D761} = {559C0AD3-97AE-429A-9B2D-BE16257AF8CD}
		{041D1FCA-CFA0-4EB4-B8FF-063186FB2C9E} = {31E5F5DB-D465-435D-B94A-DAA693A3D761}
		{9A125A68-AA94-4231-A538-C4F63133E7E2} = {283A8231-1666-4768-B372-8B18510A1A33}
	EndGlobalSection
	GlobalSection(ExtensibilityGlobals) = postSolution
		SolutionGuid = {50D1E3E7-1A90-4777-B3AF-6E086ABCDCF3}
	EndGlobalSection
EndGlobal
